lockfileVersion: '9.0'

settings:
  autoInstallPeers: true
  excludeLinksFromLockfile: false

importers:

  .:
    dependencies:
      '@xterm/addon-fit':
        specifier: ^0.10.0
        version: 0.10.0(@xterm/xterm@5.5.0)
      '@xterm/addon-image':
        specifier: ^0.9.0
        version: 0.9.0
      '@xterm/addon-web-links':
        specifier: ^0.11.0
        version: 0.11.0(@xterm/xterm@5.5.0)
      '@xterm/addon-webgl':
        specifier: ^0.19.0
        version: 0.19.0
      '@xterm/xterm':
        specifier: ^5.5.0
        version: 5.5.0

packages:

  '@xterm/addon-fit@0.10.0':
    resolution: {integrity: sha512-UFYkDm4HUahf2lnEyHvio51TNGiLK66mqP2JoATy7hRZeXaGMRDr00JiSF7m63vR5WKATF605yEggJKsw0JpMQ==}
    peerDependencies:
      '@xterm/xterm': ^5.0.0

  '@xterm/addon-image@0.9.0':
    resolution: {integrity: sha512-oYWA8/QAr5/Emwl1xL7WCoOqeG3IZfpzEz/OVq1j4Oi9934TQmHiyubClikRf0D/jL3JNiNuz/Lsqx0kXQ02BA==}

  '@xterm/addon-web-links@0.11.0':
    resolution: {integrity: sha512-nIHQ38pQI+a5kXnRaTgwqSHnX7KE6+4SVoceompgHL26unAxdfP6IPqUTSYPQgSwM56hsElfoNrrW5V7BUED/Q==}
    peerDependencies:
      '@xterm/xterm': ^5.0.0

  '@xterm/addon-webgl@0.19.0':
    resolution: {integrity: sha512-b3fMOsyLVuCeNJWxolACEUED0vm7qC0cy4wRvf3oURSzDTYVQiGPhTnhWZwIHdvC48Y+oLhvYXnY4XDXPoJo6A==}

  '@xterm/xterm@5.5.0':
    resolution: {integrity: sha512-hqJHYaQb5OptNunnyAnkHyM8aCjZ1MEIDTQu1iIbbTD/xops91NB5yq1ZK/dC2JDbVWtF23zUtl9JE2NqwT87A==}

snapshots:

  '@xterm/addon-fit@0.10.0(@xterm/xterm@5.5.0)':
    dependencies:
      '@xterm/xterm': 5.5.0

  '@xterm/addon-image@0.9.0': {}

  '@xterm/addon-web-links@0.11.0(@xterm/xterm@5.5.0)':
    dependencies:
      '@xterm/xterm': 5.5.0

  '@xterm/addon-webgl@0.19.0': {}

  '@xterm/xterm@5.5.0': {}
